
Microsoft Visual Studio Solution File, Format Version 12.00
# Visual Studio Version 17
VisualStudioVersion = 17.6.33712.159
MinimumVisualStudioVersion = 10.0.40219.1
Project("{9A19103F-16F7-4668-BE54-9A1E7A4F7556}") = "10WPF-TelegramBot", "10WPF-TelegramBot.csproj", "{64074B57-BD29-4068-ACD7-30DCF103F47B}"
EndProject
Global
	GlobalSection(SolutionConfigurationPlatforms) = preSolution
		Debug|Any CPU = Debug|Any CPU
		Release|Any CPU = Release|Any CPU
	EndGlobalSection
	GlobalSection(ProjectConfigurationPlatforms) = postSolution
		{64074B57-BD29-4068-ACD7-30DCF103F47B}.Debug|Any CPU.ActiveCfg = Debug|Any CPU
		{64074B57-BD29-4068-ACD7-30DCF103F47B}.Debug|Any CPU.Build.0 = Debug|Any CPU
		{64074B57-BD29-4068-ACD7-30DCF103F47B}.Release|Any CPU.ActiveCfg = Release|Any CPU
		{64074B57-BD29-4068-ACD7-30DCF103F47B}.Release|Any CPU.Build.0 = Release|Any CPU
	EndGlobalSection
	GlobalSection(SolutionProperties) = preSolution
		HideSolutionNode = FALSE
	EndGlobalSection
	GlobalSection(ExtensibilityGlobals) = postSolution
		SolutionGuid = {D8043A19-3E24-41FB-87EC-A4583ECF9352}
	EndGlobalSection
EndGlobal
